
Microsoft Visual Studio Solution File, Format Version 11.00
# Visual Studio 2010
Project("{FAE04EC0-301F-11D3-BF4B-00C04F79EFBC}") = "Wavetronix", "Wavetronix\Wavetronix.csproj", "{0831CFA9-ADC1-46CC-95B0-508D08AD2BA0}"
EndProject
Project("{FAE04EC0-301F-11D3-BF4B-00C04F79EFBC}") = "EIS", "EIS\EIS.csproj", "{772382D6-F182-453D-A818-7E09A3F4DDEB}"
EndProject
Project("{FAE04EC0-301F-11D3-BF4B-00C04F79EFBC}") = "Airlink", "Airlink\Airlink.csproj", "{762268EB-54BA-46D8-A540-AD794D62596D}"
EndProject
Project("{FAE04EC0-301F-11D3-BF4B-00C04F79EFBC}") = "NTCIP", "NTCIP\NTCIP.csproj", "{EACB6489-138F-40D8-A07B-26442B064C2B}"
EndProject
Project("{FAE04EC0-301F-11D3-BF4B-00C04F79EFBC}") = "SNMP", "SNMP\SNMP.csproj", "{5907EDBB-51D0-4043-83CA-4A81B3A01473}"
EndProject
Project("{FAE04EC0-301F-11D3-BF4B-00C04F79EFBC}") = "UnitTests", "UnitTests\UnitTests.csproj", "{5A6C5A5C-BFCD-442D-86B8-4EBA1ECCD735}"
	ProjectSection(ProjectDependencies) = postProject
		{84C4FDD9-3ED7-453B-B9DA-B3ED52CB071C} = {84C4FDD9-3ED7-453B-B9DA-B3ED52CB071C}
		{4FC1D5F4-661F-48DC-B397-4CDCB7D61ABE} = {4FC1D5F4-661F-48DC-B397-4CDCB7D61ABE}
	EndProjectSection
EndProject
Project("{FAE04EC0-301F-11D3-BF4B-00C04F79EFBC}") = "MorningStar", "MorningStar\MorningStar.csproj", "{3E2661A4-D845-4F20-8F86-C509BE917EC5}"
EndProject
Project("{FAE04EC0-301F-11D3-BF4B-00C04F79EFBC}") = "Utilities", "Utilities\Utilities.csproj", "{423CB8B8-C4F5-4CA6-B727-4FB8105C9A57}"
EndProject
Project("{FAE04EC0-301F-11D3-BF4B-00C04F79EFBC}") = "Modbus", "Modbus\Modbus.csproj", "{3B3252AD-E3FA-41C5-9F5F-E8AAD4B00A54}"
EndProject
Project("{FAE04EC0-301F-11D3-BF4B-00C04F79EFBC}") = "PrecisionSolarControls", "PrecisionSolarControls\PrecisionSolarControls.csproj", "{0E839B8D-6201-4749-99E9-9B3446ABF1D1}"
EndProject
Project("{FAE04EC0-301F-11D3-BF4B-00C04F79EFBC}") = "Vaisala", "Vaisala\Vaisala.csproj", "{6E39FB38-FA93-4D27-B351-EA8F28779DE5}"
EndProject
Project("{FAE04EC0-301F-11D3-BF4B-00C04F79EFBC}") = "itextsharp", "iTextSharp\itextsharp.csproj", "{84C4FDD9-3ED7-453B-B9DA-B3ED52CB071C}"
EndProject
Project("{FAE04EC0-301F-11D3-BF4B-00C04F79EFBC}") = "DataStructures", "DataStructures\DataStructures.csproj", "{BDDB1135-21CD-472A-B8BB-F48DF90A7F9E}"
EndProject
Project("{FAE04EC0-301F-11D3-BF4B-00C04F79EFBC}") = "MiscUtil", "MiscUtil\MiscUtil\MiscUtil.csproj", "{4FC1D5F4-661F-48DC-B397-4CDCB7D61ABE}"
EndProject
Project("{FAE04EC0-301F-11D3-BF4B-00C04F79EFBC}") = "Communication", "Communication\Communication.csproj", "{9D64B0E6-1A95-4EAD-8C0A-16999978F950}"
EndProject
Global
	GlobalSection(SolutionConfigurationPlatforms) = preSolution
		Debug|Any CPU = Debug|Any CPU
		Debug|Mixed Platforms = Debug|Mixed Platforms
		Debug|x86 = Debug|x86
		Release 2.0|Any CPU = Release 2.0|Any CPU
		Release 2.0|Mixed Platforms = Release 2.0|Mixed Platforms
		Release 2.0|x86 = Release 2.0|x86
		Release|Any CPU = Release|Any CPU
		Release|Mixed Platforms = Release|Mixed Platforms
		Release|x86 = Release|x86
	EndGlobalSection
	GlobalSection(ProjectConfigurationPlatforms) = postSolution
		{0831CFA9-ADC1-46CC-95B0-508D08AD2BA0}.Debug|Any CPU.ActiveCfg = Debug|Any CPU
		{0831CFA9-ADC1-46CC-95B0-508D08AD2BA0}.Debug|Any CPU.Build.0 = Debug|Any CPU
		{0831CFA9-ADC1-46CC-95B0-508D08AD2BA0}.Debug|Mixed Platforms.ActiveCfg = Debug|Any CPU
		{0831CFA9-ADC1-46CC-95B0-508D08AD2BA0}.Debug|Mixed Platforms.Build.0 = Debug|Any CPU
		{0831CFA9-ADC1-46CC-95B0-508D08AD2BA0}.Debug|x86.ActiveCfg = Debug|Any CPU
		{0831CFA9-ADC1-46CC-95B0-508D08AD2BA0}.Release 2.0|Any CPU.ActiveCfg = Release|Any CPU
		{0831CFA9-ADC1-46CC-95B0-508D08AD2BA0}.Release 2.0|Any CPU.Build.0 = Release|Any CPU
		{0831CFA9-ADC1-46CC-95B0-508D08AD2BA0}.Release 2.0|Mixed Platforms.ActiveCfg = Release|Any CPU
		{0831CFA9-ADC1-46CC-95B0-508D08AD2BA0}.Release 2.0|Mixed Platforms.Build.0 = Release|Any CPU
		{0831CFA9-ADC1-46CC-95B0-508D08AD2BA0}.Release 2.0|x86.ActiveCfg = Release|Any CPU
		{0831CFA9-ADC1-46CC-95B0-508D08AD2BA0}.Release|Any CPU.ActiveCfg = Release|Any CPU
		{0831CFA9-ADC1-46CC-95B0-508D08AD2BA0}.Release|Any CPU.Build.0 = Release|Any CPU
		{0831CFA9-ADC1-46CC-95B0-508D08AD2BA0}.Release|Mixed Platforms.ActiveCfg = Release|Any CPU
		{0831CFA9-ADC1-46CC-95B0-508D08AD2BA0}.Release|Mixed Platforms.Build.0 = Release|Any CPU
		{0831CFA9-ADC1-46CC-95B0-508D08AD2BA0}.Release|x86.ActiveCfg = Release|Any CPU
		{772382D6-F182-453D-A818-7E09A3F4DDEB}.Debug|Any CPU.ActiveCfg = Debug|Any CPU
		{772382D6-F182-453D-A818-7E09A3F4DDEB}.Debug|Any CPU.Build.0 = Debug|Any CPU
		{772382D6-F182-453D-A818-7E09A3F4DDEB}.Debug|Mixed Platforms.ActiveCfg = Debug|Any CPU
		{772382D6-F182-453D-A818-7E09A3F4DDEB}.Debug|Mixed Platforms.Build.0 = Debug|Any CPU
		{772382D6-F182-453D-A818-7E09A3F4DDEB}.Debug|x86.ActiveCfg = Debug|Any CPU
		{772382D6-F182-453D-A818-7E09A3F4DDEB}.Release 2.0|Any CPU.ActiveCfg = Release|Any CPU
		{772382D6-F182-453D-A818-7E09A3F4DDEB}.Release 2.0|Any CPU.Build.0 = Release|Any CPU
		{772382D6-F182-453D-A818-7E09A3F4DDEB}.Release 2.0|Mixed Platforms.ActiveCfg = Release|Any CPU
		{772382D6-F182-453D-A818-7E09A3F4DDEB}.Release 2.0|Mixed Platforms.Build.0 = Release|Any CPU
		{772382D6-F182-453D-A818-7E09A3F4DDEB}.Release 2.0|x86.ActiveCfg = Release|Any CPU
		{772382D6-F182-453D-A818-7E09A3F4DDEB}.Release|Any CPU.ActiveCfg = Release|Any CPU
		{772382D6-F182-453D-A818-7E09A3F4DDEB}.Release|Any CPU.Build.0 = Release|Any CPU
		{772382D6-F182-453D-A818-7E09A3F4DDEB}.Release|Mixed Platforms.ActiveCfg = Release|Any CPU
		{772382D6-F182-453D-A818-7E09A3F4DDEB}.Release|Mixed Platforms.Build.0 = Release|Any CPU
		{772382D6-F182-453D-A818-7E09A3F4DDEB}.Release|x86.ActiveCfg = Release|Any CPU
		{762268EB-54BA-46D8-A540-AD794D62596D}.Debug|Any CPU.ActiveCfg = Debug|Any CPU
		{762268EB-54BA-46D8-A540-AD794D62596D}.Debug|Any CPU.Build.0 = Debug|Any CPU
		{762268EB-54BA-46D8-A540-AD794D62596D}.Debug|Mixed Platforms.ActiveCfg = Debug|Any CPU
		{762268EB-54BA-46D8-A540-AD794D62596D}.Debug|Mixed Platforms.Build.0 = Debug|Any CPU
		{762268EB-54BA-46D8-A540-AD794D62596D}.Debug|x86.ActiveCfg = Debug|Any CPU
		{762268EB-54BA-46D8-A540-AD794D62596D}.Release 2.0|Any CPU.ActiveCfg = Release|Any CPU
		{762268EB-54BA-46D8-A540-AD794D62596D}.Release 2.0|Any CPU.Build.0 = Release|Any CPU
		{762268EB-54BA-46D8-A540-AD794D62596D}.Release 2.0|Mixed Platforms.ActiveCfg = Release|Any CPU
		{762268EB-54BA-46D8-A540-AD794D62596D}.Release 2.0|Mixed Platforms.Build.0 = Release|Any CPU
		{762268EB-54BA-46D8-A540-AD794D62596D}.Release 2.0|x86.ActiveCfg = Release|Any CPU
		{762268EB-54BA-46D8-A540-AD794D62596D}.Release|Any CPU.ActiveCfg = Release|Any CPU
		{762268EB-54BA-46D8-A540-AD794D62596D}.Release|Any CPU.Build.0 = Release|Any CPU
		{762268EB-54BA-46D8-A540-AD794D62596D}.Release|Mixed Platforms.ActiveCfg = Release|Any CPU
		{762268EB-54BA-46D8-A540-AD794D62596D}.Release|Mixed Platforms.Build.0 = Release|Any CPU
		{762268EB-54BA-46D8-A540-AD794D62596D}.Release|x86.ActiveCfg = Release|Any CPU
		{EACB6489-138F-40D8-A07B-26442B064C2B}.Debug|Any CPU.ActiveCfg = Debug|Any CPU
		{EACB6489-138F-40D8-A07B-26442B064C2B}.Debug|Any CPU.Build.0 = Debug|Any CPU
		{EACB6489-138F-40D8-A07B-26442B064C2B}.Debug|Mixed Platforms.ActiveCfg = Debug|Any CPU
		{EACB6489-138F-40D8-A07B-26442B064C2B}.Debug|Mixed Platforms.Build.0 = Debug|Any CPU
		{EACB6489-138F-40D8-A07B-26442B064C2B}.Debug|x86.ActiveCfg = Debug|Any CPU
		{EACB6489-138F-40D8-A07B-26442B064C2B}.Release 2.0|Any CPU.ActiveCfg = Release|Any CPU
		{EACB6489-138F-40D8-A07B-26442B064C2B}.Release 2.0|Any CPU.Build.0 = Release|Any CPU
		{EACB6489-138F-40D8-A07B-26442B064C2B}.Release 2.0|Mixed Platforms.ActiveCfg = Release|Any CPU
		{EACB6489-138F-40D8-A07B-26442B064C2B}.Release 2.0|Mixed Platforms.Build.0 = Release|Any CPU
		{EACB6489-138F-40D8-A07B-26442B064C2B}.Release 2.0|x86.ActiveCfg = Release|Any CPU
		{EACB6489-138F-40D8-A07B-26442B064C2B}.Release|Any CPU.ActiveCfg = Release|Any CPU
		{EACB6489-138F-40D8-A07B-26442B064C2B}.Release|Any CPU.Build.0 = Release|Any CPU
		{EACB6489-138F-40D8-A07B-26442B064C2B}.Release|Mixed Platforms.ActiveCfg = Release|Any CPU
		{EACB6489-138F-40D8-A07B-26442B064C2B}.Release|Mixed Platforms.Build.0 = Release|Any CPU
		{EACB6489-138F-40D8-A07B-26442B064C2B}.Release|x86.ActiveCfg = Release|Any CPU
		{5907EDBB-51D0-4043-83CA-4A81B3A01473}.Debug|Any CPU.ActiveCfg = Debug|Any CPU
		{5907EDBB-51D0-4043-83CA-4A81B3A01473}.Debug|Any CPU.Build.0 = Debug|Any CPU
		{5907EDBB-51D0-4043-83CA-4A81B3A01473}.Debug|Mixed Platforms.ActiveCfg = Debug|Any CPU
		{5907EDBB-51D0-4043-83CA-4A81B3A01473}.Debug|Mixed Platforms.Build.0 = Debug|Any CPU
		{5907EDBB-51D0-4043-83CA-4A81B3A01473}.Debug|x86.ActiveCfg = Debug|Any CPU
		{5907EDBB-51D0-4043-83CA-4A81B3A01473}.Release 2.0|Any CPU.ActiveCfg = Release|Any CPU
		{5907EDBB-51D0-4043-83CA-4A81B3A01473}.Release 2.0|Any CPU.Build.0 = Release|Any CPU
		{5907EDBB-51D0-4043-83CA-4A81B3A01473}.Release 2.0|Mixed Platforms.ActiveCfg = Release|Any CPU
		{5907EDBB-51D0-4043-83CA-4A81B3A01473}.Release 2.0|Mixed Platforms.Build.0 = Release|Any CPU
		{5907EDBB-51D0-4043-83CA-4A81B3A01473}.Release 2.0|x86.ActiveCfg = Release|Any CPU
		{5907EDBB-51D0-4043-83CA-4A81B3A01473}.Release|Any CPU.ActiveCfg = Release|Any CPU
		{5907EDBB-51D0-4043-83CA-4A81B3A01473}.Release|Any CPU.Build.0 = Release|Any CPU
		{5907EDBB-51D0-4043-83CA-4A81B3A01473}.Release|Mixed Platforms.ActiveCfg = Release|Any CPU
		{5907EDBB-51D0-4043-83CA-4A81B3A01473}.Release|Mixed Platforms.Build.0 = Release|Any CPU
		{5907EDBB-51D0-4043-83CA-4A81B3A01473}.Release|x86.ActiveCfg = Release|Any CPU
		{5A6C5A5C-BFCD-442D-86B8-4EBA1ECCD735}.Debug|Any CPU.ActiveCfg = Debug|Any CPU
		{5A6C5A5C-BFCD-442D-86B8-4EBA1ECCD735}.Debug|Any CPU.Build.0 = Debug|Any CPU
		{5A6C5A5C-BFCD-442D-86B8-4EBA1ECCD735}.Debug|Mixed Platforms.ActiveCfg = Debug|Any CPU
		{5A6C5A5C-BFCD-442D-86B8-4EBA1ECCD735}.Debug|Mixed Platforms.Build.0 = Debug|Any CPU
		{5A6C5A5C-BFCD-442D-86B8-4EBA1ECCD735}.Debug|x86.ActiveCfg = Debug|Any CPU
		{5A6C5A5C-BFCD-442D-86B8-4EBA1ECCD735}.Release 2.0|Any CPU.ActiveCfg = Release|Any CPU
		{5A6C5A5C-BFCD-442D-86B8-4EBA1ECCD735}.Release 2.0|Any CPU.Build.0 = Release|Any CPU
		{5A6C5A5C-BFCD-442D-86B8-4EBA1ECCD735}.Release 2.0|Mixed Platforms.ActiveCfg = Release|Any CPU
		{5A6C5A5C-BFCD-442D-86B8-4EBA1ECCD735}.Release 2.0|Mixed Platforms.Build.0 = Release|Any CPU
		{5A6C5A5C-BFCD-442D-86B8-4EBA1ECCD735}.Release 2.0|x86.ActiveCfg = Release|Any CPU
		{5A6C5A5C-BFCD-442D-86B8-4EBA1ECCD735}.Release|Any CPU.ActiveCfg = Release|Any CPU
		{5A6C5A5C-BFCD-442D-86B8-4EBA1ECCD735}.Release|Any CPU.Build.0 = Release|Any CPU
		{5A6C5A5C-BFCD-442D-86B8-4EBA1ECCD735}.Release|Mixed Platforms.ActiveCfg = Release|Any CPU
		{5A6C5A5C-BFCD-442D-86B8-4EBA1ECCD735}.Release|Mixed Platforms.Build.0 = Release|Any CPU
		{5A6C5A5C-BFCD-442D-86B8-4EBA1ECCD735}.Release|x86.ActiveCfg = Release|Any CPU
		{3E2661A4-D845-4F20-8F86-C509BE917EC5}.Debug|Any CPU.ActiveCfg = Debug|Any CPU
		{3E2661A4-D845-4F20-8F86-C509BE917EC5}.Debug|Any CPU.Build.0 = Debug|Any CPU
		{3E2661A4-D845-4F20-8F86-C509BE917EC5}.Debug|Mixed Platforms.ActiveCfg = Debug|Any CPU
		{3E2661A4-D845-4F20-8F86-C509BE917EC5}.Debug|Mixed Platforms.Build.0 = Debug|Any CPU
		{3E2661A4-D845-4F20-8F86-C509BE917EC5}.Debug|x86.ActiveCfg = Debug|Any CPU
		{3E2661A4-D845-4F20-8F86-C509BE917EC5}.Release 2.0|Any CPU.ActiveCfg = Release|Any CPU
		{3E2661A4-D845-4F20-8F86-C509BE917EC5}.Release 2.0|Any CPU.Build.0 = Release|Any CPU
		{3E2661A4-D845-4F20-8F86-C509BE917EC5}.Release 2.0|Mixed Platforms.ActiveCfg = Release|Any CPU
		{3E2661A4-D845-4F20-8F86-C509BE917EC5}.Release 2.0|Mixed Platforms.Build.0 = Release|Any CPU
		{3E2661A4-D845-4F20-8F86-C509BE917EC5}.Release 2.0|x86.ActiveCfg = Release|Any CPU
		{3E2661A4-D845-4F20-8F86-C509BE917EC5}.Release|Any CPU.ActiveCfg = Release|Any CPU
		{3E2661A4-D845-4F20-8F86-C509BE917EC5}.Release|Any CPU.Build.0 = Release|Any CPU
		{3E2661A4-D845-4F20-8F86-C509BE917EC5}.Release|Mixed Platforms.ActiveCfg = Release|Any CPU
		{3E2661A4-D845-4F20-8F86-C509BE917EC5}.Release|Mixed Platforms.Build.0 = Release|Any CPU
		{3E2661A4-D845-4F20-8F86-C509BE917EC5}.Release|x86.ActiveCfg = Release|Any CPU
		{423CB8B8-C4F5-4CA6-B727-4FB8105C9A57}.Debug|Any CPU.ActiveCfg = Debug|Any CPU
		{423CB8B8-C4F5-4CA6-B727-4FB8105C9A57}.Debug|Any CPU.Build.0 = Debug|Any CPU
		{423CB8B8-C4F5-4CA6-B727-4FB8105C9A57}.Debug|Mixed Platforms.ActiveCfg = Debug|Any CPU
		{423CB8B8-C4F5-4CA6-B727-4FB8105C9A57}.Debug|Mixed Platforms.Build.0 = Debug|Any CPU
		{423CB8B8-C4F5-4CA6-B727-4FB8105C9A57}.Debug|x86.ActiveCfg = Debug|Any CPU
		{423CB8B8-C4F5-4CA6-B727-4FB8105C9A57}.Release 2.0|Any CPU.ActiveCfg = Release|Any CPU
		{423CB8B8-C4F5-4CA6-B727-4FB8105C9A57}.Release 2.0|Any CPU.Build.0 = Release|Any CPU
		{423CB8B8-C4F5-4CA6-B727-4FB8105C9A57}.Release 2.0|Mixed Platforms.ActiveCfg = Release|Any CPU
		{423CB8B8-C4F5-4CA6-B727-4FB8105C9A57}.Release 2.0|Mixed Platforms.Build.0 = Release|Any CPU
		{423CB8B8-C4F5-4CA6-B727-4FB8105C9A57}.Release 2.0|x86.ActiveCfg = Release|Any CPU
		{423CB8B8-C4F5-4CA6-B727-4FB8105C9A57}.Release|Any CPU.ActiveCfg = Release|Any CPU
		{423CB8B8-C4F5-4CA6-B727-4FB8105C9A57}.Release|Any CPU.Build.0 = Release|Any CPU
		{423CB8B8-C4F5-4CA6-B727-4FB8105C9A57}.Release|Mixed Platforms.ActiveCfg = Release|Any CPU
		{423CB8B8-C4F5-4CA6-B727-4FB8105C9A57}.Release|Mixed Platforms.Build.0 = Release|Any CPU
		{423CB8B8-C4F5-4CA6-B727-4FB8105C9A57}.Release|x86.ActiveCfg = Release|Any CPU
		{3B3252AD-E3FA-41C5-9F5F-E8AAD4B00A54}.Debug|Any CPU.ActiveCfg = Debug|Any CPU
		{3B3252AD-E3FA-41C5-9F5F-E8AAD4B00A54}.Debug|Any CPU.Build.0 = Debug|Any CPU
		{3B3252AD-E3FA-41C5-9F5F-E8AAD4B00A54}.Debug|Mixed Platforms.ActiveCfg = Debug|Any CPU
		{3B3252AD-E3FA-41C5-9F5F-E8AAD4B00A54}.Debug|Mixed Platforms.Build.0 = Debug|Any CPU
		{3B3252AD-E3FA-41C5-9F5F-E8AAD4B00A54}.Debug|x86.ActiveCfg = Debug|Any CPU
		{3B3252AD-E3FA-41C5-9F5F-E8AAD4B00A54}.Release 2.0|Any CPU.ActiveCfg = Release|Any CPU
		{3B3252AD-E3FA-41C5-9F5F-E8AAD4B00A54}.Release 2.0|Any CPU.Build.0 = Release|Any CPU
		{3B3252AD-E3FA-41C5-9F5F-E8AAD4B00A54}.Release 2.0|Mixed Platforms.ActiveCfg = Release|Any CPU
		{3B3252AD-E3FA-41C5-9F5F-E8AAD4B00A54}.Release 2.0|Mixed Platforms.Build.0 = Release|Any CPU
		{3B3252AD-E3FA-41C5-9F5F-E8AAD4B00A54}.Release 2.0|x86.ActiveCfg = Release|Any CPU
		{3B3252AD-E3FA-41C5-9F5F-E8AAD4B00A54}.Release|Any CPU.ActiveCfg = Release|Any CPU
		{3B3252AD-E3FA-41C5-9F5F-E8AAD4B00A54}.Release|Any CPU.Build.0 = Release|Any CPU
		{3B3252AD-E3FA-41C5-9F5F-E8AAD4B00A54}.Release|Mixed Platforms.ActiveCfg = Release|Any CPU
		{3B3252AD-E3FA-41C5-9F5F-E8AAD4B00A54}.Release|Mixed Platforms.Build.0 = Release|Any CPU
		{3B3252AD-E3FA-41C5-9F5F-E8AAD4B00A54}.Release|x86.ActiveCfg = Release|Any CPU
		{0E839B8D-6201-4749-99E9-9B3446ABF1D1}.Debug|Any CPU.ActiveCfg = Debug|Any CPU
		{0E839B8D-6201-4749-99E9-9B3446ABF1D1}.Debug|Any CPU.Build.0 = Debug|Any CPU
		{0E839B8D-6201-4749-99E9-9B3446ABF1D1}.Debug|Mixed Platforms.ActiveCfg = Debug|Any CPU
		{0E839B8D-6201-4749-99E9-9B3446ABF1D1}.Debug|Mixed Platforms.Build.0 = Debug|Any CPU
		{0E839B8D-6201-4749-99E9-9B3446ABF1D1}.Debug|x86.ActiveCfg = Debug|Any CPU
		{0E839B8D-6201-4749-99E9-9B3446ABF1D1}.Release 2.0|Any CPU.ActiveCfg = Release|Any CPU
		{0E839B8D-6201-4749-99E9-9B3446ABF1D1}.Release 2.0|Any CPU.Build.0 = Release|Any CPU
		{0E839B8D-6201-4749-99E9-9B3446ABF1D1}.Release 2.0|Mixed Platforms.ActiveCfg = Release|Any CPU
		{0E839B8D-6201-4749-99E9-9B3446ABF1D1}.Release 2.0|Mixed Platforms.Build.0 = Release|Any CPU
		{0E839B8D-6201-4749-99E9-9B3446ABF1D1}.Release 2.0|x86.ActiveCfg = Release|Any CPU
		{0E839B8D-6201-4749-99E9-9B3446ABF1D1}.Release|Any CPU.ActiveCfg = Release|Any CPU
		{0E839B8D-6201-4749-99E9-9B3446ABF1D1}.Release|Any CPU.Build.0 = Release|Any CPU
		{0E839B8D-6201-4749-99E9-9B3446ABF1D1}.Release|Mixed Platforms.ActiveCfg = Release|Any CPU
		{0E839B8D-6201-4749-99E9-9B3446ABF1D1}.Release|Mixed Platforms.Build.0 = Release|Any CPU
		{0E839B8D-6201-4749-99E9-9B3446ABF1D1}.Release|x86.ActiveCfg = Release|Any CPU
		{6E39FB38-FA93-4D27-B351-EA8F28779DE5}.Debug|Any CPU.ActiveCfg = Debug|Any CPU
		{6E39FB38-FA93-4D27-B351-EA8F28779DE5}.Debug|Any CPU.Build.0 = Debug|Any CPU
		{6E39FB38-FA93-4D27-B351-EA8F28779DE5}.Debug|Mixed Platforms.ActiveCfg = Debug|Any CPU
		{6E39FB38-FA93-4D27-B351-EA8F28779DE5}.Debug|Mixed Platforms.Build.0 = Debug|Any CPU
		{6E39FB38-FA93-4D27-B351-EA8F28779DE5}.Debug|x86.ActiveCfg = Debug|Any CPU
		{6E39FB38-FA93-4D27-B351-EA8F28779DE5}.Release 2.0|Any CPU.ActiveCfg = Release|Any CPU
		{6E39FB38-FA93-4D27-B351-EA8F28779DE5}.Release 2.0|Any CPU.Build.0 = Release|Any CPU
		{6E39FB38-FA93-4D27-B351-EA8F28779DE5}.Release 2.0|Mixed Platforms.ActiveCfg = Release|Any CPU
		{6E39FB38-FA93-4D27-B351-EA8F28779DE5}.Release 2.0|Mixed Platforms.Build.0 = Release|Any CPU
		{6E39FB38-FA93-4D27-B351-EA8F28779DE5}.Release 2.0|x86.ActiveCfg = Release|Any CPU
		{6E39FB38-FA93-4D27-B351-EA8F28779DE5}.Release|Any CPU.ActiveCfg = Release|Any CPU
		{6E39FB38-FA93-4D27-B351-EA8F28779DE5}.Release|Any CPU.Build.0 = Release|Any CPU
		{6E39FB38-FA93-4D27-B351-EA8F28779DE5}.Release|Mixed Platforms.ActiveCfg = Release|Any CPU
		{6E39FB38-FA93-4D27-B351-EA8F28779DE5}.Release|Mixed Platforms.Build.0 = Release|Any CPU
		{6E39FB38-FA93-4D27-B351-EA8F28779DE5}.Release|x86.ActiveCfg = Release|Any CPU
		{84C4FDD9-3ED7-453B-B9DA-B3ED52CB071C}.Debug|Any CPU.ActiveCfg = Debug|Any CPU
		{84C4FDD9-3ED7-453B-B9DA-B3ED52CB071C}.Debug|Any CPU.Build.0 = Debug|Any CPU
		{84C4FDD9-3ED7-453B-B9DA-B3ED52CB071C}.Debug|Mixed Platforms.ActiveCfg = Debug|Any CPU
		{84C4FDD9-3ED7-453B-B9DA-B3ED52CB071C}.Debug|Mixed Platforms.Build.0 = Debug|Any CPU
		{84C4FDD9-3ED7-453B-B9DA-B3ED52CB071C}.Debug|x86.ActiveCfg = Debug|Any CPU
		{84C4FDD9-3ED7-453B-B9DA-B3ED52CB071C}.Release 2.0|Any CPU.ActiveCfg = Release|Any CPU
		{84C4FDD9-3ED7-453B-B9DA-B3ED52CB071C}.Release 2.0|Any CPU.Build.0 = Release|Any CPU
		{84C4FDD9-3ED7-453B-B9DA-B3ED52CB071C}.Release 2.0|Mixed Platforms.ActiveCfg = Release|Any CPU
		{84C4FDD9-3ED7-453B-B9DA-B3ED52CB071C}.Release 2.0|Mixed Platforms.Build.0 = Release|Any CPU
		{84C4FDD9-3ED7-453B-B9DA-B3ED52CB071C}.Release 2.0|x86.ActiveCfg = Release|Any CPU
		{84C4FDD9-3ED7-453B-B9DA-B3ED52CB071C}.Release|Any CPU.ActiveCfg = Release|Any CPU
		{84C4FDD9-3ED7-453B-B9DA-B3ED52CB071C}.Release|Any CPU.Build.0 = Release|Any CPU
		{84C4FDD9-3ED7-453B-B9DA-B3ED52CB071C}.Release|Mixed Platforms.ActiveCfg = Release|Any CPU
		{84C4FDD9-3ED7-453B-B9DA-B3ED52CB071C}.Release|Mixed Platforms.Build.0 = Release|Any CPU
		{84C4FDD9-3ED7-453B-B9DA-B3ED52CB071C}.Release|x86.ActiveCfg = Release|Any CPU
		{BDDB1135-21CD-472A-B8BB-F48DF90A7F9E}.Debug|Any CPU.ActiveCfg = Debug|Any CPU
		{BDDB1135-21CD-472A-B8BB-F48DF90A7F9E}.Debug|Any CPU.Build.0 = Debug|Any CPU
		{BDDB1135-21CD-472A-B8BB-F48DF90A7F9E}.Debug|Mixed Platforms.ActiveCfg = Debug|Any CPU
		{BDDB1135-21CD-472A-B8BB-F48DF90A7F9E}.Debug|Mixed Platforms.Build.0 = Debug|Any CPU
		{BDDB1135-21CD-472A-B8BB-F48DF90A7F9E}.Debug|x86.ActiveCfg = Debug|Any CPU
		{BDDB1135-21CD-472A-B8BB-F48DF90A7F9E}.Release 2.0|Any CPU.ActiveCfg = Release|Any CPU
		{BDDB1135-21CD-472A-B8BB-F48DF90A7F9E}.Release 2.0|Any CPU.Build.0 = Release|Any CPU
		{BDDB1135-21CD-472A-B8BB-F48DF90A7F9E}.Release 2.0|Mixed Platforms.ActiveCfg = Release|Any CPU
		{BDDB1135-21CD-472A-B8BB-F48DF90A7F9E}.Release 2.0|Mixed Platforms.Build.0 = Release|Any CPU
		{BDDB1135-21CD-472A-B8BB-F48DF90A7F9E}.Release 2.0|x86.ActiveCfg = Release|Any CPU
		{BDDB1135-21CD-472A-B8BB-F48DF90A7F9E}.Release|Any CPU.ActiveCfg = Release|Any CPU
		{BDDB1135-21CD-472A-B8BB-F48DF90A7F9E}.Release|Any CPU.Build.0 = Release|Any CPU
		{BDDB1135-21CD-472A-B8BB-F48DF90A7F9E}.Release|Mixed Platforms.ActiveCfg = Release|Any CPU
		{BDDB1135-21CD-472A-B8BB-F48DF90A7F9E}.Release|Mixed Platforms.Build.0 = Release|Any CPU
		{BDDB1135-21CD-472A-B8BB-F48DF90A7F9E}.Release|x86.ActiveCfg = Release|Any CPU
		{4FC1D5F4-661F-48DC-B397-4CDCB7D61ABE}.Debug|Any CPU.ActiveCfg = Debug|Any CPU
		{4FC1D5F4-661F-48DC-B397-4CDCB7D61ABE}.Debug|Any CPU.Build.0 = Debug|Any CPU
		{4FC1D5F4-661F-48DC-B397-4CDCB7D61ABE}.Debug|Mixed Platforms.ActiveCfg = Debug|Any CPU
		{4FC1D5F4-661F-48DC-B397-4CDCB7D61ABE}.Debug|Mixed Platforms.Build.0 = Debug|Any CPU
		{4FC1D5F4-661F-48DC-B397-4CDCB7D61ABE}.Debug|x86.ActiveCfg = Debug|Any CPU
		{4FC1D5F4-661F-48DC-B397-4CDCB7D61ABE}.Release 2.0|Any CPU.ActiveCfg = Release 2.0|Any CPU
		{4FC1D5F4-661F-48DC-B397-4CDCB7D61ABE}.Release 2.0|Any CPU.Build.0 = Release 2.0|Any CPU
		{4FC1D5F4-661F-48DC-B397-4CDCB7D61ABE}.Release 2.0|Mixed Platforms.ActiveCfg = Release 2.0|Any CPU
		{4FC1D5F4-661F-48DC-B397-4CDCB7D61ABE}.Release 2.0|Mixed Platforms.Build.0 = Release 2.0|Any CPU
		{4FC1D5F4-661F-48DC-B397-4CDCB7D61ABE}.Release 2.0|x86.ActiveCfg = Release 2.0|Any CPU
		{4FC1D5F4-661F-48DC-B397-4CDCB7D61ABE}.Release|Any CPU.ActiveCfg = Release|Any CPU
		{4FC1D5F4-661F-48DC-B397-4CDCB7D61ABE}.Release|Any CPU.Build.0 = Release|Any CPU
		{4FC1D5F4-661F-48DC-B397-4CDCB7D61ABE}.Release|Mixed Platforms.ActiveCfg = Release|Any CPU
		{4FC1D5F4-661F-48DC-B397-4CDCB7D61ABE}.Release|Mixed Platforms.Build.0 = Release|Any CPU
		{4FC1D5F4-661F-48DC-B397-4CDCB7D61ABE}.Release|x86.ActiveCfg = Release|Any CPU
		{9D64B0E6-1A95-4EAD-8C0A-16999978F950}.Debug|Any CPU.ActiveCfg = Debug|x86
		{9D64B0E6-1A95-4EAD-8C0A-16999978F950}.Debug|Mixed Platforms.ActiveCfg = Debug|x86
		{9D64B0E6-1A95-4EAD-8C0A-16999978F950}.Debug|Mixed Platforms.Build.0 = Debug|x86
		{9D64B0E6-1A95-4EAD-8C0A-16999978F950}.Debug|x86.ActiveCfg = Debug|x86
		{9D64B0E6-1A95-4EAD-8C0A-16999978F950}.Debug|x86.Build.0 = Debug|x86
		{9D64B0E6-1A95-4EAD-8C0A-16999978F950}.Release 2.0|Any CPU.ActiveCfg = Release|x86
		{9D64B0E6-1A95-4EAD-8C0A-16999978F950}.Release 2.0|Mixed Platforms.ActiveCfg = Release|x86
		{9D64B0E6-1A95-4EAD-8C0A-16999978F950}.Release 2.0|Mixed Platforms.Build.0 = Release|x86
		{9D64B0E6-1A95-4EAD-8C0A-16999978F950}.Release 2.0|x86.ActiveCfg = Release|x86
		{9D64B0E6-1A95-4EAD-8C0A-16999978F950}.Release 2.0|x86.Build.0 = Release|x86
		{9D64B0E6-1A95-4EAD-8C0A-16999978F950}.Release|Any CPU.ActiveCfg = Release|x86
		{9D64B0E6-1A95-4EAD-8C0A-16999978F950}.Release|Mixed Platforms.ActiveCfg = Release|x86
		{9D64B0E6-1A95-4EAD-8C0A-16999978F950}.Release|Mixed Platforms.Build.0 = Release|x86
		{9D64B0E6-1A95-4EAD-8C0A-16999978F950}.Release|x86.ActiveCfg = Release|x86
		{9D64B0E6-1A95-4EAD-8C0A-16999978F950}.Release|x86.Build.0 = Release|x86
	EndGlobalSection
	GlobalSection(SolutionProperties) = preSolution
		HideSolutionNode = FALSE
	EndGlobalSection
EndGlobal
